
Microsoft Visual Studio Solution File, Format Version 10.00
# Visual Studio 2008
Project("{FAE04EC0-301F-11D3-BF4B-00C04F79EFBC}") = "dfsa", "dfsa\dfsa.csproj", "{827ED940-993A-43E5-A30D-C0E3830456D5}"
EndProject
Global
	GlobalSection(SolutionConfigurationPlatforms) = preSolution
		Debug|x86 = Debug|x86
		Release|x86 = Release|x86
	EndGlobalSection
	GlobalSection(ProjectConfigurationPlatforms) = postSolution
		{827ED940-993A-43E5-A30D-C0E3830456D5}.Debug|x86.ActiveCfg = Debug|x86
		{827ED940-993A-43E5-A30D-C0E3830456D5}.Debug|x86.Build.0 = Debug|x86
		{827ED940-993A-43E5-A30D-C0E3830456D5}.Release|x86.ActiveCfg = Release|x86
		{827ED940-993A-43E5-A30D-C0E3830456D5}.Release|x86.Build.0 = Release|x86
	EndGlobalSection
	GlobalSection(MonoDevelopProperties) = preSolution
		StartupItem = dfsa\dfsa.csproj
	EndGlobalSection
EndGlobal
